// !$*UTF8*$!
{
	archiveVersion = 1;
	classes = {
	};
	objectVersion = 51;
	objects = {

/* Begin PBXBuildFile section */
		9602ED052477DD1E005BA5FD /* ProfileImageCollectionViewCell.swift in Sources */ = {isa = PBXBuildFile; fileRef = 9602ED042477DD1E005BA5FD /* ProfileImageCollectionViewCell.swift */; };
		9602ED072477DDA0005BA5FD /* UserCollectionViewController.swift in Sources */ = {isa = PBXBuildFile; fileRef = 9602ED062477DDA0005BA5FD /* UserCollectionViewController.swift */; };
		9602ED092477F767005BA5FD /* AvatarView.swift in Sources */ = {isa = PBXBuildFile; fileRef = 9602ED082477F767005BA5FD /* AvatarView.swift */; };
		9604DDD8249CE85900091C27 /* Session.swift in Sources */ = {isa = PBXBuildFile; fileRef = 9604DDD7249CE85900091C27 /* Session.swift */; };
		963DC71C24A15F7200C5E3C1 /* WebKit.framework in Frameworks */ = {isa = PBXBuildFile; fileRef = 963DC71B24A15F7200C5E3C1 /* WebKit.framework */; };
		965883352473E76A00562C48 /* TableViewCell.swift in Sources */ = {isa = PBXBuildFile; fileRef = 965883342473E76A00562C48 /* TableViewCell.swift */; };
		965883372473F5F800562C48 /* UserTableViewController.swift in Sources */ = {isa = PBXBuildFile; fileRef = 965883362473F5F800562C48 /* UserTableViewController.swift */; };
		965CDA3D24585724000F8360 /* AppDelegate.swift in Sources */ = {isa = PBXBuildFile; fileRef = 965CDA3C24585724000F8360 /* AppDelegate.swift */; };
		965CDA3F24585724000F8360 /* SceneDelegate.swift in Sources */ = {isa = PBXBuildFile; fileRef = 965CDA3E24585724000F8360 /* SceneDelegate.swift */; };
		965CDA4124585724000F8360 /* ViewController.swift in Sources */ = {isa = PBXBuildFile; fileRef = 965CDA4024585724000F8360 /* ViewController.swift */; };
		965CDA4424585724000F8360 /* Main.storyboard in Resources */ = {isa = PBXBuildFile; fileRef = 965CDA4224585724000F8360 /* Main.storyboard */; };
		965CDA4624585727000F8360 /* Assets.xcassets in Resources */ = {isa = PBXBuildFile; fileRef = 965CDA4524585727000F8360 /* Assets.xcassets */; };
		965CDA4924585727000F8360 /* LaunchScreen.storyboard in Resources */ = {isa = PBXBuildFile; fileRef = 965CDA4724585727000F8360 /* LaunchScreen.storyboard */; };
		966DA6E92493D32800357EB1 /* NewGroupsTableViewCell.swift in Sources */ = {isa = PBXBuildFile; fileRef = 966DA6E82493D32800357EB1 /* NewGroupsTableViewCell.swift */; };
		966DA6EB2493D33D00357EB1 /* NewGroupsTableViewController.swift in Sources */ = {isa = PBXBuildFile; fileRef = 966DA6EA2493D33D00357EB1 /* NewGroupsTableViewController.swift */; };
		9674D6DE24A147DB000A0A2F /* VKWebViewController.swift in Sources */ = {isa = PBXBuildFile; fileRef = 9674D6DD24A147DB000A0A2F /* VKWebViewController.swift */; };
		96B4A9152493C9240011F823 /* AllGroupsTableViewController.swift in Sources */ = {isa = PBXBuildFile; fileRef = 96B4A9142493C9240011F823 /* AllGroupsTableViewController.swift */; };
		96B4A9172493C9600011F823 /* AllGroupsTableViewCell.swift in Sources */ = {isa = PBXBuildFile; fileRef = 96B4A9162493C9600011F823 /* AllGroupsTableViewCell.swift */; };
		96D1BEE0247D2526002CCF60 /* LikeControl.swift in Sources */ = {isa = PBXBuildFile; fileRef = 96D1BEDF247D2526002CCF60 /* LikeControl.swift */; };
		9A5D6930BC028DE6BA5DABCC /* Pods_socialApp.framework in Frameworks */ = {isa = PBXBuildFile; fileRef = 9D6B2258BF54534EABEFF422 /* Pods_socialApp.framework */; };
/* End PBXBuildFile section */

/* Begin PBXFileReference section */
		12CAEB110343C129FB936640 /* Pods-socialApp.debug.xcconfig */ = {isa = PBXFileReference; includeInIndex = 1; lastKnownFileType = text.xcconfig; name = "Pods-socialApp.debug.xcconfig"; path = "Target Support Files/Pods-socialApp/Pods-socialApp.debug.xcconfig"; sourceTree = "<group>"; };
		26BB7A534ACCEEDDB29735A4 /* Pods-socialApp.release.xcconfig */ = {isa = PBXFileReference; includeInIndex = 1; lastKnownFileType = text.xcconfig; name = "Pods-socialApp.release.xcconfig"; path = "Target Support Files/Pods-socialApp/Pods-socialApp.release.xcconfig"; sourceTree = "<group>"; };
		9602ED042477DD1E005BA5FD /* ProfileImageCollectionViewCell.swift */ = {isa = PBXFileReference; lastKnownFileType = sourcecode.swift; name = ProfileImageCollectionViewCell.swift; path = ../ProfileImageCollectionViewCell.swift; sourceTree = "<group>"; };
		9602ED062477DDA0005BA5FD /* UserCollectionViewController.swift */ = {isa = PBXFileReference; lastKnownFileType = sourcecode.swift; name = UserCollectionViewController.swift; path = socialApp/UserCollectionViewController.swift; sourceTree = SOURCE_ROOT; };
		9602ED082477F767005BA5FD /* AvatarView.swift */ = {isa = PBXFileReference; lastKnownFileType = sourcecode.swift; name = AvatarView.swift; path = ../AvatarView.swift; sourceTree = "<group>"; };
		9604DDD7249CE85900091C27 /* Session.swift */ = {isa = PBXFileReference; lastKnownFileType = sourcecode.swift; path = Session.swift; sourceTree = "<group>"; };
		963DC71B24A15F7200C5E3C1 /* WebKit.framework */ = {isa = PBXFileReference; lastKnownFileType = wrapper.framework; name = WebKit.framework; path = System/Library/Frameworks/WebKit.framework; sourceTree = SDKROOT; };
		965883342473E76A00562C48 /* TableViewCell.swift */ = {isa = PBXFileReference; lastKnownFileType = sourcecode.swift; name = TableViewCell.swift; path = ../TableViewCell.swift; sourceTree = "<group>"; };
		965883362473F5F800562C48 /* UserTableViewController.swift */ = {isa = PBXFileReference; lastKnownFileType = sourcecode.swift; name = UserTableViewController.swift; path = socialApp/UserTableViewController.swift; sourceTree = SOURCE_ROOT; };
		965CDA3924585724000F8360 /* socialApp.app */ = {isa = PBXFileReference; explicitFileType = wrapper.application; includeInIndex = 0; path = socialApp.app; sourceTree = BUILT_PRODUCTS_DIR; };
		965CDA3C24585724000F8360 /* AppDelegate.swift */ = {isa = PBXFileReference; lastKnownFileType = sourcecode.swift; path = AppDelegate.swift; sourceTree = "<group>"; };
		965CDA3E24585724000F8360 /* SceneDelegate.swift */ = {isa = PBXFileReference; lastKnownFileType = sourcecode.swift; path = SceneDelegate.swift; sourceTree = "<group>"; };
		965CDA4024585724000F8360 /* ViewController.swift */ = {isa = PBXFileReference; lastKnownFileType = sourcecode.swift; path = ViewController.swift; sourceTree = "<group>"; };
		965CDA4324585724000F8360 /* Base */ = {isa = PBXFileReference; lastKnownFileType = file.storyboard; name = Base; path = Base.lproj/Main.storyboard; sourceTree = "<group>"; };
		965CDA4524585727000F8360 /* Assets.xcassets */ = {isa = PBXFileReference; lastKnownFileType = folder.assetcatalog; path = Assets.xcassets; sourceTree = "<group>"; };
		965CDA4824585727000F8360 /* Base */ = {isa = PBXFileReference; lastKnownFileType = file.storyboard; name = Base; path = Base.lproj/LaunchScreen.storyboard; sourceTree = "<group>"; };
		965CDA4A24585727000F8360 /* Info.plist */ = {isa = PBXFileReference; lastKnownFileType = text.plist.xml; path = Info.plist; sourceTree = "<group>"; };
		966DA6E82493D32800357EB1 /* NewGroupsTableViewCell.swift */ = {isa = PBXFileReference; lastKnownFileType = sourcecode.swift; path = NewGroupsTableViewCell.swift; sourceTree = "<group>"; };
		966DA6EA2493D33D00357EB1 /* NewGroupsTableViewController.swift */ = {isa = PBXFileReference; lastKnownFileType = sourcecode.swift; path = NewGroupsTableViewController.swift; sourceTree = "<group>"; };
		9674D6DD24A147DB000A0A2F /* VKWebViewController.swift */ = {isa = PBXFileReference; lastKnownFileType = sourcecode.swift; path = VKWebViewController.swift; sourceTree = "<group>"; };
		96B4A9142493C9240011F823 /* AllGroupsTableViewController.swift */ = {isa = PBXFileReference; lastKnownFileType = sourcecode.swift; path = AllGroupsTableViewController.swift; sourceTree = "<group>"; };
		96B4A9162493C9600011F823 /* AllGroupsTableViewCell.swift */ = {isa = PBXFileReference; lastKnownFileType = sourcecode.swift; path = AllGroupsTableViewCell.swift; sourceTree = "<group>"; };
		96D1BEDF247D2526002CCF60 /* LikeControl.swift */ = {isa = PBXFileReference; lastKnownFileType = sourcecode.swift; path = LikeControl.swift; sourceTree = "<group>"; };
		9D6B2258BF54534EABEFF422 /* Pods_socialApp.framework */ = {isa = PBXFileReference; explicitFileType = wrapper.framework; includeInIndex = 0; path = Pods_socialApp.framework; sourceTree = BUILT_PRODUCTS_DIR; };
/* End PBXFileReference section */

/* Begin PBXFrameworksBuildPhase section */
		965CDA3624585724000F8360 /* Frameworks */ = {
			isa = PBXFrameworksBuildPhase;
			buildActionMask = 2147483647;
			files = (
				963DC71C24A15F7200C5E3C1 /* WebKit.framework in Frameworks */,
				9A5D6930BC028DE6BA5DABCC /* Pods_socialApp.framework in Frameworks */,
			);
			runOnlyForDeploymentPostprocessing = 0;
		};
/* End PBXFrameworksBuildPhase section */

/* Begin PBXGroup section */
		4687792728887CD66BDB8375 /* Pods */ = {
			isa = PBXGroup;
			children = (
				12CAEB110343C129FB936640 /* Pods-socialApp.debug.xcconfig */,
				26BB7A534ACCEEDDB29735A4 /* Pods-socialApp.release.xcconfig */,
			);
			path = Pods;
			sourceTree = "<group>";
		};
		965CDA3024585724000F8360 = {
			isa = PBXGroup;
			children = (
				965CDA3B24585724000F8360 /* socialApp */,
				965CDA3A24585724000F8360 /* Products */,
				4687792728887CD66BDB8375 /* Pods */,
				9BF6CB742CF825A7F9D71C12 /* Frameworks */,
			);
			sourceTree = "<group>";
		};
		965CDA3A24585724000F8360 /* Products */ = {
			isa = PBXGroup;
			children = (
				965CDA3924585724000F8360 /* socialApp.app */,
			);
			name = Products;
			sourceTree = "<group>";
		};
		965CDA3B24585724000F8360 /* socialApp */ = {
			isa = PBXGroup;
			children = (
				9695A61D24A60C9F0010A2A1 /* User */,
				9674D6DC24A146EC000A0A2F /* VK */,
				966DA6E72493D31000357EB1 /* NewGroups */,
				96B4A9132493C8E10011F823 /* AllGroups */,
				965CDA3C24585724000F8360 /* AppDelegate.swift */,
				965CDA3E24585724000F8360 /* SceneDelegate.swift */,
				965CDA4024585724000F8360 /* ViewController.swift */,
				965CDA4224585724000F8360 /* Main.storyboard */,
				965CDA4524585727000F8360 /* Assets.xcassets */,
				965CDA4724585727000F8360 /* LaunchScreen.storyboard */,
				965CDA4A24585727000F8360 /* Info.plist */,
				96D1BEDF247D2526002CCF60 /* LikeControl.swift */,
				9604DDD7249CE85900091C27 /* Session.swift */,
			);
			path = socialApp;
			sourceTree = "<group>";
		};
		966DA6E72493D31000357EB1 /* NewGroups */ = {
			isa = PBXGroup;
			children = (
				966DA6E82493D32800357EB1 /* NewGroupsTableViewCell.swift */,
				966DA6EA2493D33D00357EB1 /* NewGroupsTableViewController.swift */,
			);
			path = NewGroups;
			sourceTree = "<group>";
		};
		9674D6DC24A146EC000A0A2F /* VK */ = {
			isa = PBXGroup;
			children = (
				9674D6DD24A147DB000A0A2F /* VKWebViewController.swift */,
			);
			path = VK;
			sourceTree = "<group>";
		};
		9695A61D24A60C9F0010A2A1 /* User */ = {
			isa = PBXGroup;
			children = (
				9602ED082477F767005BA5FD /* AvatarView.swift */,
				965883342473E76A00562C48 /* TableViewCell.swift */,
				965883362473F5F800562C48 /* UserTableViewController.swift */,
				9602ED042477DD1E005BA5FD /* ProfileImageCollectionViewCell.swift */,
				9602ED062477DDA0005BA5FD /* UserCollectionViewController.swift */,
			);
			path = User;
			sourceTree = "<group>";
		};
		96B4A9132493C8E10011F823 /* AllGroups */ = {
			isa = PBXGroup;
			children = (
				96B4A9142493C9240011F823 /* AllGroupsTableViewController.swift */,
				96B4A9162493C9600011F823 /* AllGroupsTableViewCell.swift */,
			);
			path = AllGroups;
			sourceTree = "<group>";
		};
		9BF6CB742CF825A7F9D71C12 /* Frameworks */ = {
			isa = PBXGroup;
			children = (
				963DC71B24A15F7200C5E3C1 /* WebKit.framework */,
				9D6B2258BF54534EABEFF422 /* Pods_socialApp.framework */,
			);
			name = Frameworks;
			sourceTree = "<group>";
		};
/* End PBXGroup section */

/* Begin PBXNativeTarget section */
		965CDA3824585724000F8360 /* socialApp */ = {
			isa = PBXNativeTarget;
			buildConfigurationList = 965CDA4D24585727000F8360 /* Build configuration list for PBXNativeTarget "socialApp" */;
			buildPhases = (
				118E6F56589667DDA9EFBFCA /* [CP] Check Pods Manifest.lock */,
				965CDA3524585724000F8360 /* Sources */,
				965CDA3624585724000F8360 /* Frameworks */,
				965CDA3724585724000F8360 /* Resources */,
				3AC6464F183FE4D253BFC47E /* [CP] Embed Pods Frameworks */,
			);
			buildRules = (
			);
			dependencies = (
			);
			name = socialApp;
			productName = socialApp;
			productReference = 965CDA3924585724000F8360 /* socialApp.app */;
			productType = "com.apple.product-type.application";
		};
/* End PBXNativeTarget section */

/* Begin PBXProject section */
		965CDA3124585724000F8360 /* Project object */ = {
			isa = PBXProject;
			attributes = {
				LastSwiftUpdateCheck = 1130;
				LastUpgradeCheck = 1130;
				ORGANIZATIONNAME = "Alexander Mink";
				TargetAttributes = {
					965CDA3824585724000F8360 = {
						CreatedOnToolsVersion = 11.3.1;
					};
				};
			};
			buildConfigurationList = 965CDA3424585724000F8360 /* Build configuration list for PBXProject "socialApp" */;
			compatibilityVersion = "Xcode 9.3";
			developmentRegion = en;
			hasScannedForEncodings = 0;
			knownRegions = (
				en,
				Base,
			);
			mainGroup = 965CDA3024585724000F8360;
			productRefGroup = 965CDA3A24585724000F8360 /* Products */;
			projectDirPath = "";
			projectRoot = "";
			targets = (
				965CDA3824585724000F8360 /* socialApp */,
			);
		};
/* End PBXProject section */

/* Begin PBXResourcesBuildPhase section */
		965CDA3724585724000F8360 /* Resources */ = {
			isa = PBXResourcesBuildPhase;
			buildActionMask = 2147483647;
			files = (
				965CDA4924585727000F8360 /* LaunchScreen.storyboard in Resources */,
				965CDA4624585727000F8360 /* Assets.xcassets in Resources */,
				965CDA4424585724000F8360 /* Main.storyboard in Resources */,
			);
			runOnlyForDeploymentPostprocessing = 0;
		};
/* End PBXResourcesBuildPhase section */

/* Begin PBXShellScriptBuildPhase section */
		118E6F56589667DDA9EFBFCA /* [CP] Check Pods Manifest.lock */ = {
			isa = PBXShellScriptBuildPhase;
			buildActionMask = 2147483647;
			files = (
			);
			inputFileListPaths = (
			);
			inputPaths = (
				"${PODS_PODFILE_DIR_PATH}/Podfile.lock",
				"${PODS_ROOT}/Manifest.lock",
			);
			name = "[CP] Check Pods Manifest.lock";
			outputFileListPaths = (
			);
			outputPaths = (
				"$(DERIVED_FILE_DIR)/Pods-socialApp-checkManifestLockResult.txt",
			);
			runOnlyForDeploymentPostprocessing = 0;
			shellPath = /bin/sh;
			shellScript = "diff \"${PODS_PODFILE_DIR_PATH}/Podfile.lock\" \"${PODS_ROOT}/Manifest.lock\" > /dev/null\nif [ $? != 0 ] ; then\n    # print error to STDERR\n    echo \"error: The sandbox is not in sync with the Podfile.lock. Run 'pod install' or update your CocoaPods installation.\" >&2\n    exit 1\nfi\n# This output is used by Xcode 'outputs' to avoid re-running this script phase.\necho \"SUCCESS\" > \"${SCRIPT_OUTPUT_FILE_0}\"\n";
			showEnvVarsInLog = 0;
		};
		3AC6464F183FE4D253BFC47E /* [CP] Embed Pods Frameworks */ = {
			isa = PBXShellScriptBuildPhase;
			buildActionMask = 2147483647;
			files = (
			);
			inputFileListPaths = (
				"${PODS_ROOT}/Target Support Files/Pods-socialApp/Pods-socialApp-frameworks-${CONFIGURATION}-input-files.xcfilelist",
			);
			name = "[CP] Embed Pods Frameworks";
			outputFileListPaths = (
				"${PODS_ROOT}/Target Support Files/Pods-socialApp/Pods-socialApp-frameworks-${CONFIGURATION}-output-files.xcfilelist",
			);
			runOnlyForDeploymentPostprocessing = 0;
			shellPath = /bin/sh;
			shellScript = "\"${PODS_ROOT}/Target Support Files/Pods-socialApp/Pods-socialApp-frameworks.sh\"\n";
			showEnvVarsInLog = 0;
		};
/* End PBXShellScriptBuildPhase section */

/* Begin PBXSourcesBuildPhase section */
		965CDA3524585724000F8360 /* Sources */ = {
			isa = PBXSourcesBuildPhase;
			buildActionMask = 2147483647;
			files = (
				9604DDD8249CE85900091C27 /* Session.swift in Sources */,
				9602ED052477DD1E005BA5FD /* ProfileImageCollectionViewCell.swift in Sources */,
				965883372473F5F800562C48 /* UserTableViewController.swift in Sources */,
				965CDA4124585724000F8360 /* ViewController.swift in Sources */,
				965883352473E76A00562C48 /* TableViewCell.swift in Sources */,
				965CDA3D24585724000F8360 /* AppDelegate.swift in Sources */,
				9602ED092477F767005BA5FD /* AvatarView.swift in Sources */,
				9602ED072477DDA0005BA5FD /* UserCollectionViewController.swift in Sources */,
				96B4A9152493C9240011F823 /* AllGroupsTableViewController.swift in Sources */,
				966DA6E92493D32800357EB1 /* NewGroupsTableViewCell.swift in Sources */,
				96B4A9172493C9600011F823 /* AllGroupsTableViewCell.swift in Sources */,
				966DA6EB2493D33D00357EB1 /* NewGroupsTableViewController.swift in Sources */,
				96D1BEE0247D2526002CCF60 /* LikeControl.swift in Sources */,
				9674D6DE24A147DB000A0A2F /* VKWebViewController.swift in Sources */,
				965CDA3F24585724000F8360 /* SceneDelegate.swift in Sources */,
			);
			runOnlyForDeploymentPostprocessing = 0;
		};
/* End PBXSourcesBuildPhase section */

/* Begin PBXVariantGroup section */
		965CDA4224585724000F8360 /* Main.storyboard */ = {
			isa = PBXVariantGroup;
			children = (
				965CDA4324585724000F8360 /* Base */,
			);
			name = Main.storyboard;
			sourceTree = "<group>";
		};
		965CDA4724585727000F8360 /* LaunchScreen.storyboard */ = {
			isa = PBXVariantGroup;
			children = (
				965CDA4824585727000F8360 /* Base */,
			);
			name = LaunchScreen.storyboard;
			sourceTree = "<group>";
		};
/* End PBXVariantGroup section */

/* Begin XCBuildConfiguration section */
		965CDA4B24585727000F8360 /* Debug */ = {
			isa = XCBuildConfiguration;
			buildSettings = {
				ALWAYS_SEARCH_USER_PATHS = NO;
				CLANG_ANALYZER_NONNULL = YES;
				CLANG_ANALYZER_NUMBER_OBJECT_CONVERSION = YES_AGGRESSIVE;
				CLANG_CXX_LANGUAGE_STANDARD = "gnu++14";
				CLANG_CXX_LIBRARY = "libc++";
				CLANG_ENABLE_MODULES = YES;
				CLANG_ENABLE_OBJC_ARC = YES;
				CLANG_ENABLE_OBJC_WEAK = YES;
				CLANG_WARN_BLOCK_CAPTURE_AUTORELEASING = YES;
				CLANG_WARN_BOOL_CONVERSION = YES;
				CLANG_WARN_COMMA = YES;
				CLANG_WARN_CONSTANT_CONVERSION = YES;
				CLANG_WARN_DEPRECATED_OBJC_IMPLEMENTATIONS = YES;
				CLANG_WARN_DIRECT_OBJC_ISA_USAGE = YES_ERROR;
				CLANG_WARN_DOCUMENTATION_COMMENTS = YES;
				CLANG_WARN_EMPTY_BODY = YES;
				CLANG_WARN_ENUM_CONVERSION = YES;
				CLANG_WARN_INFINITE_RECURSION = YES;
				CLANG_WARN_INT_CONVERSION = YES;
				CLANG_WARN_NON_LITERAL_NULL_CONVERSION = YES;
				CLANG_WARN_OBJC_IMPLICIT_RETAIN_SELF = YES;
				CLANG_WARN_OBJC_LITERAL_CONVERSION = YES;
				CLANG_WARN_OBJC_ROOT_CLASS = YES_ERROR;
				CLANG_WARN_RANGE_LOOP_ANALYSIS = YES;
				CLANG_WARN_STRICT_PROTOTYPES = YES;
				CLANG_WARN_SUSPICIOUS_MOVE = YES;
				CLANG_WARN_UNGUARDED_AVAILABILITY = YES_AGGRESSIVE;
				CLANG_WARN_UNREACHABLE_CODE = YES;
				CLANG_WARN__DUPLICATE_METHOD_MATCH = YES;
				COPY_PHASE_STRIP = NO;
				DEBUG_INFORMATION_FORMAT = dwarf;
				ENABLE_STRICT_OBJC_MSGSEND = YES;
				ENABLE_TESTABILITY = YES;
				GCC_C_LANGUAGE_STANDARD = gnu11;
				GCC_DYNAMIC_NO_PIC = NO;
				GCC_NO_COMMON_BLOCKS = YES;
				GCC_OPTIMIZATION_LEVEL = 0;
				GCC_PREPROCESSOR_DEFINITIONS = (
					"DEBUG=1",
					"$(inherited)",
				);
				GCC_WARN_64_TO_32_BIT_CONVERSION = YES;
				GCC_WARN_ABOUT_RETURN_TYPE = YES_ERROR;
				GCC_WARN_UNDECLARED_SELECTOR = YES;
				GCC_WARN_UNINITIALIZED_AUTOS = YES_AGGRESSIVE;
				GCC_WARN_UNUSED_FUNCTION = YES;
				GCC_WARN_UNUSED_VARIABLE = YES;
				IPHONEOS_DEPLOYMENT_TARGET = 13.2;
				MTL_ENABLE_DEBUG_INFO = INCLUDE_SOURCE;
				MTL_FAST_MATH = YES;
				ONLY_ACTIVE_ARCH = YES;
				SDKROOT = iphoneos;
				SWIFT_ACTIVE_COMPILATION_CONDITIONS = DEBUG;
				SWIFT_OPTIMIZATION_LEVEL = "-Onone";
			};
			name = Debug;
		};
		965CDA4C24585727000F8360 /* Release */ = {
			isa = XCBuildConfiguration;
			buildSettings = {
				ALWAYS_SEARCH_USER_PATHS = NO;
				CLANG_ANALYZER_NONNULL = YES;
				CLANG_ANALYZER_NUMBER_OBJECT_CONVERSION = YES_AGGRESSIVE;
				CLANG_CXX_LANGUAGE_STANDARD = "gnu++14";
				CLANG_CXX_LIBRARY = "libc++";
				CLANG_ENABLE_MODULES = YES;
				CLANG_ENABLE_OBJC_ARC = YES;
				CLANG_ENABLE_OBJC_WEAK = YES;
				CLANG_WARN_BLOCK_CAPTURE_AUTORELEASING = YES;
				CLANG_WARN_BOOL_CONVERSION = YES;
				CLANG_WARN_COMMA = YES;
				CLANG_WARN_CONSTANT_CONVERSION = YES;
				CLANG_WARN_DEPRECATED_OBJC_IMPLEMENTATIONS = YES;
				CLANG_WARN_DIRECT_OBJC_ISA_USAGE = YES_ERROR;
				CLANG_WARN_DOCUMENTATION_COMMENTS = YES;
				CLANG_WARN_EMPTY_BODY = YES;
				CLANG_WARN_ENUM_CONVERSION = YES;
				CLANG_WARN_INFINITE_RECURSION = YES;
				CLANG_WARN_INT_CONVERSION = YES;
				CLANG_WARN_NON_LITERAL_NULL_CONVERSION = YES;
				CLANG_WARN_OBJC_IMPLICIT_RETAIN_SELF = YES;
				CLANG_WARN_OBJC_LITERAL_CONVERSION = YES;
				CLANG_WARN_OBJC_ROOT_CLASS = YES_ERROR;
				CLANG_WARN_RANGE_LOOP_ANALYSIS = YES;
				CLANG_WARN_STRICT_PROTOTYPES = YES;
				CLANG_WARN_SUSPICIOUS_MOVE = YES;
				CLANG_WARN_UNGUARDED_AVAILABILITY = YES_AGGRESSIVE;
				CLANG_WARN_UNREACHABLE_CODE = YES;
				CLANG_WARN__DUPLICATE_METHOD_MATCH = YES;
				COPY_PHASE_STRIP = NO;
				DEBUG_INFORMATION_FORMAT = "dwarf-with-dsym";
				ENABLE_NS_ASSERTIONS = NO;
				ENABLE_STRICT_OBJC_MSGSEND = YES;
				GCC_C_LANGUAGE_STANDARD = gnu11;
				GCC_NO_COMMON_BLOCKS = YES;
				GCC_WARN_64_TO_32_BIT_CONVERSION = YES;
				GCC_WARN_ABOUT_RETURN_TYPE = YES_ERROR;
				GCC_WARN_UNDECLARED_SELECTOR = YES;
				GCC_WARN_UNINITIALIZED_AUTOS = YES_AGGRESSIVE;
				GCC_WARN_UNUSED_FUNCTION = YES;
				GCC_WARN_UNUSED_VARIABLE = YES;
				IPHONEOS_DEPLOYMENT_TARGET = 13.2;
				MTL_ENABLE_DEBUG_INFO = NO;
				MTL_FAST_MATH = YES;
				SDKROOT = iphoneos;
				SWIFT_COMPILATION_MODE = wholemodule;
				SWIFT_OPTIMIZATION_LEVEL = "-O";
				VALIDATE_PRODUCT = YES;
			};
			name = Release;
		};
		965CDA4E24585727000F8360 /* Debug */ = {
			isa = XCBuildConfiguration;
			baseConfigurationReference = 12CAEB110343C129FB936640 /* Pods-socialApp.debug.xcconfig */;
			buildSettings = {
				ASSETCATALOG_COMPILER_APPICON_NAME = AppIcon;
				CODE_SIGN_STYLE = Automatic;
				INFOPLIST_FILE = socialApp/Info.plist;
				LD_RUNPATH_SEARCH_PATHS = (
					"$(inherited)",
					"@executable_path/Frameworks",
				);
				PRODUCT_BUNDLE_IDENTIFIER = GoldenCrown.socialApp;
				PRODUCT_NAME = "$(TARGET_NAME)";
				SWIFT_VERSION = 5.0;
				TARGETED_DEVICE_FAMILY = "1,2";
			};
			name = Debug;
		};
		965CDA4F24585727000F8360 /* Release */ = {
			isa = XCBuildConfiguration;
			baseConfigurationReference = 26BB7A534ACCEEDDB29735A4 /* Pods-socialApp.release.xcconfig */;
			buildSettings = {
				ASSETCATALOG_COMPILER_APPICON_NAME = AppIcon;
				CODE_SIGN_STYLE = Automatic;
				INFOPLIST_FILE = socialApp/Info.plist;
				LD_RUNPATH_SEARCH_PATHS = (
					"$(inherited)",
					"@executable_path/Frameworks",
				);
				PRODUCT_BUNDLE_IDENTIFIER = GoldenCrown.socialApp;
				PRODUCT_NAME = "$(TARGET_NAME)";
				SWIFT_VERSION = 5.0;
				TARGETED_DEVICE_FAMILY = "1,2";
			};
			name = Release;
		};
/* End XCBuildConfiguration section */

/* Begin XCConfigurationList section */
		965CDA3424585724000F8360 /* Build configuration list for PBXProject "socialApp" */ = {
			isa = XCConfigurationList;
			buildConfigurations = (
				965CDA4B24585727000F8360 /* Debug */,
				965CDA4C24585727000F8360 /* Release */,
			);
			defaultConfigurationIsVisible = 0;
			defaultConfigurationName = Release;
		};
		965CDA4D24585727000F8360 /* Build configuration list for PBXNativeTarget "socialApp" */ = {
			isa = XCConfigurationList;
			buildConfigurations = (
				965CDA4E24585727000F8360 /* Debug */,
				965CDA4F24585727000F8360 /* Release */,
			);
			defaultConfigurationIsVisible = 0;
			defaultConfigurationName = Release;
		};
/* End XCConfigurationList section */
	};
	rootObject = 965CDA3124585724000F8360 /* Project object */;
}
